// !$*UTF8*$!
{
	archiveVersion = 1;
	classes = {
	};
	objectVersion = 46;
	objects = {

/* Begin PBXBuildFile section */
		90B467D81D4704D300255EEA /* main.m in Sources */ = {isa = PBXBuildFile; fileRef = 90B467D71D4704D300255EEA /* main.m */; };
		90B467DB1D4704D300255EEA /* AppDelegate.m in Sources */ = {isa = PBXBuildFile; fileRef = 90B467DA1D4704D300255EEA /* AppDelegate.m */; };
		90B467DE1D4704D300255EEA /* ViewController.m in Sources */ = {isa = PBXBuildFile; fileRef = 90B467DD1D4704D300255EEA /* ViewController.m */; };
		90B467E11D4704D300255EEA /* Main.storyboard in Resources */ = {isa = PBXBuildFile; fileRef = 90B467DF1D4704D300255EEA /* Main.storyboard */; };
		90B467E31D4704D300255EEA /* Assets.xcassets in Resources */ = {isa = PBXBuildFile; fileRef = 90B467E21D4704D300255EEA /* Assets.xcassets */; };
		90B467E61D4704D300255EEA /* LaunchScreen.storyboard in Resources */ = {isa = PBXBuildFile; fileRef = 90B467E41D4704D300255EEA /* LaunchScreen.storyboard */; };
		90B467EF1D4704F800255EEA /* SWRevealViewController.m in Sources */ = {isa = PBXBuildFile; fileRef = 90B467EE1D4704F800255EEA /* SWRevealViewController.m */; };
		90B467F31D4709B600255EEA /* MenuViewController.m in Sources */ = {isa = PBXBuildFile; fileRef = 90B467F21D4709B600255EEA /* MenuViewController.m */; };
		90B467F61D470C8A00255EEA /* ViewController2.m in Sources */ = {isa = PBXBuildFile; fileRef = 90B467F51D470C8A00255EEA /* ViewController2.m */; };
		90B467F91D470C9800255EEA /* ViewController3.m in Sources */ = {isa = PBXBuildFile; fileRef = 90B467F81D470C9800255EEA /* ViewController3.m */; };
/* End PBXBuildFile section */

/* Begin PBXFileReference section */
		90B467D31D4704D300255EEA /* Hamburger.app */ = {isa = PBXFileReference; explicitFileType = wrapper.application; includeInIndex = 0; path = Hamburger.app; sourceTree = BUILT_PRODUCTS_DIR; };
		90B467D71D4704D300255EEA /* main.m */ = {isa = PBXFileReference; lastKnownFileType = sourcecode.c.objc; path = main.m; sourceTree = "<group>"; };
		90B467D91D4704D300255EEA /* AppDelegate.h */ = {isa = PBXFileReference; lastKnownFileType = sourcecode.c.h; path = AppDelegate.h; sourceTree = "<group>"; };
		90B467DA1D4704D300255EEA /* AppDelegate.m */ = {isa = PBXFileReference; lastKnownFileType = sourcecode.c.objc; path = AppDelegate.m; sourceTree = "<group>"; };
		90B467DC1D4704D300255EEA /* ViewController.h */ = {isa = PBXFileReference; lastKnownFileType = sourcecode.c.h; path = ViewController.h; sourceTree = "<group>"; };
		90B467DD1D4704D300255EEA /* ViewController.m */ = {isa = PBXFileReference; lastKnownFileType = sourcecode.c.objc; path = ViewController.m; sourceTree = "<group>"; };
		90B467E01D4704D300255EEA /* Base */ = {isa = PBXFileReference; lastKnownFileType = file.storyboard; name = Base; path = Base.lproj/Main.storyboard; sourceTree = "<group>"; };
		90B467E21D4704D300255EEA /* Assets.xcassets */ = {isa = PBXFileReference; lastKnownFileType = folder.assetcatalog; path = Assets.xcassets; sourceTree = "<group>"; };
		90B467E51D4704D300255EEA /* Base */ = {isa = PBXFileReference; lastKnownFileType = file.storyboard; name = Base; path = Base.lproj/LaunchScreen.storyboard; sourceTree = "<group>"; };
		90B467E71D4704D300255EEA /* Info.plist */ = {isa = PBXFileReference; lastKnownFileType = text.plist.xml; path = Info.plist; sourceTree = "<group>"; };
		90B467ED1D4704F800255EEA /* SWRevealViewController.h */ = {isa = PBXFileReference; fileEncoding = 4; lastKnownFileType = sourcecode.c.h; path = SWRevealViewController.h; sourceTree = "<group>"; };
		90B467EE1D4704F800255EEA /* SWRevealViewController.m */ = {isa = PBXFileReference; fileEncoding = 4; lastKnownFileType = sourcecode.c.objc; path = SWRevealViewController.m; sourceTree = "<group>"; };
		90B467F11D4709B600255EEA /* MenuViewController.h */ = {isa = PBXFileReference; fileEncoding = 4; lastKnownFileType = sourcecode.c.h; path = MenuViewController.h; sourceTree = "<group>"; };
		90B467F21D4709B600255EEA /* MenuViewController.m */ = {isa = PBXFileReference; fileEncoding = 4; lastKnownFileType = sourcecode.c.objc; path = MenuViewController.m; sourceTree = "<group>"; };
		90B467F41D470C8A00255EEA /* ViewController2.h */ = {isa = PBXFileReference; fileEncoding = 4; lastKnownFileType = sourcecode.c.h; path = ViewController2.h; sourceTree = "<group>"; };
		90B467F51D470C8A00255EEA /* ViewController2.m */ = {isa = PBXFileReference; fileEncoding = 4; lastKnownFileType = sourcecode.c.objc; path = ViewController2.m; sourceTree = "<group>"; };
		90B467F71D470C9800255EEA /* ViewController3.h */ = {isa = PBXFileReference; fileEncoding = 4; lastKnownFileType = sourcecode.c.h; path = ViewController3.h; sourceTree = "<group>"; };
		90B467F81D470C9800255EEA /* ViewController3.m */ = {isa = PBXFileReference; fileEncoding = 4; lastKnownFileType = sourcecode.c.objc; path = ViewController3.m; sourceTree = "<group>"; };
/* End PBXFileReference section */

/* Begin PBXFrameworksBuildPhase section */
		90B467D01D4704D300255EEA /* Frameworks */ = {
			isa = PBXFrameworksBuildPhase;
			buildActionMask = 2147483647;
			files = (
			);
			runOnlyForDeploymentPostprocessing = 0;
		};
/* End PBXFrameworksBuildPhase section */

/* Begin PBXGroup section */
		90B467CA1D4704D300255EEA = {
			isa = PBXGroup;
			children = (
				90B467D51D4704D300255EEA /* Hamburger */,
				90B467D41D4704D300255EEA /* Products */,
			);
			sourceTree = "<group>";
		};
		90B467D41D4704D300255EEA /* Products */ = {
			isa = PBXGroup;
			children = (
				90B467D31D4704D300255EEA /* Hamburger.app */,
			);
			name = Products;
			sourceTree = "<group>";
		};
		90B467D51D4704D300255EEA /* Hamburger */ = {
			isa = PBXGroup;
			children = (
				90B467D91D4704D300255EEA /* AppDelegate.h */,
				90B467DA1D4704D300255EEA /* AppDelegate.m */,
				90B467DC1D4704D300255EEA /* ViewController.h */,
				90B467DD1D4704D300255EEA /* ViewController.m */,
				90B467F41D470C8A00255EEA /* ViewController2.h */,
				90B467F51D470C8A00255EEA /* ViewController2.m */,
				90B467F71D470C9800255EEA /* ViewController3.h */,
				90B467F81D470C9800255EEA /* ViewController3.m */,
				90B467F11D4709B600255EEA /* MenuViewController.h */,
				90B467F21D4709B600255EEA /* MenuViewController.m */,
				90B467F01D47050400255EEA /* SWRevealViewController */,
				90B467DF1D4704D300255EEA /* Main.storyboard */,
				90B467E21D4704D300255EEA /* Assets.xcassets */,
				90B467E41D4704D300255EEA /* LaunchScreen.storyboard */,
				90B467E71D4704D300255EEA /* Info.plist */,
				90B467D61D4704D300255EEA /* Supporting Files */,
			);
			path = Hamburger;
			sourceTree = "<group>";
		};
		90B467D61D4704D300255EEA /* Supporting Files */ = {
			isa = PBXGroup;
			children = (
				90B467D71D4704D300255EEA /* main.m */,
			);
			name = "Supporting Files";
			sourceTree = "<group>";
		};
		90B467F01D47050400255EEA /* SWRevealViewController */ = {
			isa = PBXGroup;
			children = (
				90B467ED1D4704F800255EEA /* SWRevealViewController.h */,
				90B467EE1D4704F800255EEA /* SWRevealViewController.m */,
			);
			name = SWRevealViewController;
			sourceTree = "<group>";
		};
/* End PBXGroup section */

/* Begin PBXNativeTarget section */
		90B467D21D4704D300255EEA /* Hamburger */ = {
			isa = PBXNativeTarget;
			buildConfigurationList = 90B467EA1D4704D300255EEA /* Build configuration list for PBXNativeTarget "Hamburger" */;
			buildPhases = (
				90B467CF1D4704D300255EEA /* Sources */,
				90B467D01D4704D300255EEA /* Frameworks */,
				90B467D11D4704D300255EEA /* Resources */,
			);
			buildRules = (
			);
			dependencies = (
			);
			name = Hamburger;
			productName = Hamburger;
			productReference = 90B467D31D4704D300255EEA /* Hamburger.app */;
			productType = "com.apple.product-type.application";
		};
/* End PBXNativeTarget section */

/* Begin PBXProject section */
		90B467CB1D4704D300255EEA /* Project object */ = {
			isa = PBXProject;
			attributes = {
				LastUpgradeCheck = 0730;
				ORGANIZATIONNAME = "Detroit Labs";
				TargetAttributes = {
					90B467D21D4704D300255EEA = {
						CreatedOnToolsVersion = 7.3.1;
					};
				};
			};
			buildConfigurationList = 90B467CE1D4704D300255EEA /* Build configuration list for PBXProject "Hamburger" */;
			compatibilityVersion = "Xcode 3.2";
			developmentRegion = English;
			hasScannedForEncodings = 0;
			knownRegions = (
				en,
				Base,
			);
			mainGroup = 90B467CA1D4704D300255EEA;
			productRefGroup = 90B467D41D4704D300255EEA /* Products */;
			projectDirPath = "";
			projectRoot = "";
			targets = (
				90B467D21D4704D300255EEA /* Hamburger */,
			);
		};
/* End PBXProject section */

/* Begin PBXResourcesBuildPhase section */
		90B467D11D4704D300255EEA /* Resources */ = {
			isa = PBXResourcesBuildPhase;
			buildActionMask = 2147483647;
			files = (
				90B467E61D4704D300255EEA /* LaunchScreen.storyboard in Resources */,
				90B467E31D4704D300255EEA /* Assets.xcassets in Resources */,
				90B467E11D4704D300255EEA /* Main.storyboard in Resources */,
			);
			runOnlyForDeploymentPostprocessing = 0;
		};
/* End PBXResourcesBuildPhase section */

/* Begin PBXSourcesBuildPhase section */
		90B467CF1D4704D300255EEA /* Sources */ = {
			isa = PBXSourcesBuildPhase;
			buildActionMask = 2147483647;
			files = (
				90B467DE1D4704D300255EEA /* ViewController.m in Sources */,
				90B467DB1D4704D300255EEA /* AppDelegate.m in Sources */,
				90B467D81D4704D300255EEA /* main.m in Sources */,
				90B467EF1D4704F800255EEA /* SWRevealViewController.m in Sources */,
				90B467F31D4709B600255EEA /* MenuViewController.m in Sources */,
				90B467F61D470C8A00255EEA /* ViewController2.m in Sources */,
				90B467F91D470C9800255EEA /* ViewController3.m in Sources */,
			);
			runOnlyForDeploymentPostprocessing = 0;
		};
/* End PBXSourcesBuildPhase section */

/* Begin PBXVariantGroup section */
		90B467DF1D4704D300255EEA /* Main.storyboard */ = {
			isa = PBXVariantGroup;
			children = (
				90B467E01D4704D300255EEA /* Base */,
			);
			name = Main.storyboard;
			sourceTree = "<group>";
		};
		90B467E41D4704D300255EEA /* LaunchScreen.storyboard */ = {
			isa = PBXVariantGroup;
			children = (
				90B467E51D4704D300255EEA /* Base */,
			);
			name = LaunchScreen.storyboard;
			sourceTree = "<group>";
		};
/* End PBXVariantGroup section */

/* Begin XCBuildConfiguration section */
		90B467E81D4704D300255EEA /* Debug */ = {
			isa = XCBuildConfiguration;
			buildSettings = {
				ALWAYS_SEARCH_USER_PATHS = NO;
				CLANG_ANALYZER_NONNULL = YES;
				CLANG_CXX_LANGUAGE_STANDARD = "gnu++0x";
				CLANG_CXX_LIBRARY = "libc++";
				CLANG_ENABLE_MODULES = YES;
				CLANG_ENABLE_OBJC_ARC = YES;
				CLANG_WARN_BOOL_CONVERSION = YES;
				CLANG_WARN_CONSTANT_CONVERSION = YES;
				CLANG_WARN_DIRECT_OBJC_ISA_USAGE = YES_ERROR;
				CLANG_WARN_EMPTY_BODY = YES;
				CLANG_WARN_ENUM_CONVERSION = YES;
				CLANG_WARN_INT_CONVERSION = YES;
				CLANG_WARN_OBJC_ROOT_CLASS = YES_ERROR;
				CLANG_WARN_UNREACHABLE_CODE = YES;
				CLANG_WARN__DUPLICATE_METHOD_MATCH = YES;
				"CODE_SIGN_IDENTITY[sdk=iphoneos*]" = "iPhone Developer";
				COPY_PHASE_STRIP = NO;
				DEBUG_INFORMATION_FORMAT = dwarf;
				ENABLE_STRICT_OBJC_MSGSEND = YES;
				ENABLE_TESTABILITY = YES;
				GCC_C_LANGUAGE_STANDARD = gnu99;
				GCC_DYNAMIC_NO_PIC = NO;
				GCC_NO_COMMON_BLOCKS = YES;
				GCC_OPTIMIZATION_LEVEL = 0;
				GCC_PREPROCESSOR_DEFINITIONS = (
					"DEBUG=1",
					"$(inherited)",
				);
				GCC_WARN_64_TO_32_BIT_CONVERSION = YES;
				GCC_WARN_ABOUT_RETURN_TYPE = YES_ERROR;
				GCC_WARN_UNDECLARED_SELECTOR = YES;
				GCC_WARN_UNINITIALIZED_AUTOS = YES_AGGRESSIVE;
				GCC_WARN_UNUSED_FUNCTION = YES;
				GCC_WARN_UNUSED_VARIABLE = YES;
				IPHONEOS_DEPLOYMENT_TARGET = 9.3;
				MTL_ENABLE_DEBUG_INFO = YES;
				ONLY_ACTIVE_ARCH = YES;
				SDKROOT = iphoneos;
			};
			name = Debug;
		};
		90B467E91D4704D300255EEA /* Release */ = {
			isa = XCBuildConfiguration;
			buildSettings = {
				ALWAYS_SEARCH_USER_PATHS = NO;
				CLANG_ANALYZER_NONNULL = YES;
				CLANG_CXX_LANGUAGE_STANDARD = "gnu++0x";
				CLANG_CXX_LIBRARY = "libc++";
				CLANG_ENABLE_MODULES = YES;
				CLANG_ENABLE_OBJC_ARC = YES;
				CLANG_WARN_BOOL_CONVERSION = YES;
				CLANG_WARN_CONSTANT_CONVERSION = YES;
				CLANG_WARN_DIRECT_OBJC_ISA_USAGE = YES_ERROR;
				CLANG_WARN_EMPTY_BODY = YES;
				CLANG_WARN_ENUM_CONVERSION = YES;
				CLANG_WARN_INT_CONVERSION = YES;
				CLANG_WARN_OBJC_ROOT_CLASS = YES_ERROR;
				CLANG_WARN_UNREACHABLE_CODE = YES;
				CLANG_WARN__DUPLICATE_METHOD_MATCH = YES;
				"CODE_SIGN_IDENTITY[sdk=iphoneos*]" = "iPhone Developer";
				COPY_PHASE_STRIP = NO;
				DEBUG_INFORMATION_FORMAT = "dwarf-with-dsym";
				ENABLE_NS_ASSERTIONS = NO;
				ENABLE_STRICT_OBJC_MSGSEND = YES;
				GCC_C_LANGUAGE_STANDARD = gnu99;
				GCC_NO_COMMON_BLOCKS = YES;
				GCC_WARN_64_TO_32_BIT_CONVERSION = YES;
				GCC_WARN_ABOUT_RETURN_TYPE = YES_ERROR;
				GCC_WARN_UNDECLARED_SELECTOR = YES;
				GCC_WARN_UNINITIALIZED_AUTOS = YES_AGGRESSIVE;
				GCC_WARN_UNUSED_FUNCTION = YES;
				GCC_WARN_UNUSED_VARIABLE = YES;
				IPHONEOS_DEPLOYMENT_TARGET = 9.3;
				MTL_ENABLE_DEBUG_INFO = NO;
				SDKROOT = iphoneos;
				VALIDATE_PRODUCT = YES;
			};
			name = Release;
		};
		90B467EB1D4704D300255EEA /* Debug */ = {
			isa = XCBuildConfiguration;
			buildSettings = {
				ASSETCATALOG_COMPILER_APPICON_NAME = AppIcon;
				INFOPLIST_FILE = Hamburger/Info.plist;
				LD_RUNPATH_SEARCH_PATHS = "$(inherited) @executable_path/Frameworks";
				PRODUCT_BUNDLE_IDENTIFIER = com.detroitlabs.Hamburger;
				PRODUCT_NAME = "$(TARGET_NAME)";
			};
			name = Debug;
		};
		90B467EC1D4704D300255EEA /* Release */ = {
			isa = XCBuildConfiguration;
			buildSettings = {
				ASSETCATALOG_COMPILER_APPICON_NAME = AppIcon;
				INFOPLIST_FILE = Hamburger/Info.plist;
				LD_RUNPATH_SEARCH_PATHS = "$(inherited) @executable_path/Frameworks";
				PRODUCT_BUNDLE_IDENTIFIER = com.detroitlabs.Hamburger;
				PRODUCT_NAME = "$(TARGET_NAME)";
			};
			name = Release;
		};
/* End XCBuildConfiguration section */

/* Begin XCConfigurationList section */
		90B467CE1D4704D300255EEA /* Build configuration list for PBXProject "Hamburger" */ = {
			isa = XCConfigurationList;
			buildConfigurations = (
				90B467E81D4704D300255EEA /* Debug */,
				90B467E91D4704D300255EEA /* Release */,
			);
			defaultConfigurationIsVisible = 0;
			defaultConfigurationName = Release;
		};
		90B467EA1D4704D300255EEA /* Build configuration list for PBXNativeTarget "Hamburger" */ = {
			isa = XCConfigurationList;
			buildConfigurations = (
				90B467EB1D4704D300255EEA /* Debug */,
				90B467EC1D4704D300255EEA /* Release */,
			);
			defaultConfigurationIsVisible = 0;
		};
/* End XCConfigurationList section */
	};
	rootObject = 90B467CB1D4704D300255EEA /* Project object */;
}
